{
  "nodes": {
    "crane": {
      "inputs": {
        "nixpkgs": [
          "nixpkgs"
        ]
      },
      "locked": {
        "lastModified": 1709400089,
        "narHash": "sha256-4A6X9xNWJ0EQhBPjM4JTdxQFDTkSqQchkNfuDWOP068=",
        "owner": "ipetkov",
        "repo": "crane",
        "rev": "766e70fd475cd4d73bd65613d06bbb3dcbb75871",
        "type": "github"
      },
      "original": {
        "owner": "ipetkov",
        "repo": "crane",
        "type": "github"
      }
    },
    "fenix": {
      "inputs": {
        "nixpkgs": [
          "nixpkgs"
        ],
        "rust-analyzer-src": "rust-analyzer-src"
      },
      "locked": {
        "lastModified": 1709446916,
        "narHash": "sha256-MX3eR3ao971besQvKt9aKu4tN8tZht7Do3G/eNylNY8=",
        "owner": "nix-community",
        "repo": "fenix",
        "rev": "4b07da0f91ea99f263f47165a11a48678c9e0dc3",
        "type": "github"
      },
      "original": {
        "id": "fenix",
        "type": "indirect"
      }
    },
    "nixpkgs": {
      "locked": {
        "lastModified": 1709088736,
        "narHash": "sha256-f4Wg1Ofge4/g6XUQpiQq/L7QEpHp1y4vl87j2VDf8iY=",
        "owner": "NixOS",
        "repo": "nixpkgs",
        "rev": "442dba6ba4ab103f76a48c7cef51e512f47249f2",
        "type": "github"
      },
      "original": {
        "id": "nixpkgs",
        "type": "indirect"
      }
    },
    "root": {
      "inputs": {
        "crane": "crane",
        "fenix": "fenix",
        "nixpkgs": "nixpkgs"
      }
    },
    "rust-analyzer-src": {
      "flake": false,
      "locked": {
        "lastModified": 1709373076,
        "narHash": "sha256-vRBRyCVMhH+giewRQgOgNO+p7VlGeJNgCqrZBnvfWQc=",
        "owner": "rust-lang",
        "repo": "rust-analyzer",
        "rev": "4ef6a49b44e8aa380da7522442234bfd7a52c55e",
        "type": "github"
      },
      "original": {
        "owner": "rust-lang",
        "ref": "nightly",
        "repo": "rust-analyzer",
        "type": "github"
      }
    }
  },
  "root": "root",
  "version": 7
}
